
Microsoft Visual Studio Solution File, Format Version 12.00
# Visual Studio 2012
Project("{8BC9CEB8-8B4A-11D0-8D11-00A0C91BC942}") = "Formation_change", "Formation_change\Formation_change.vcxproj", "{4F299D0F-1330-4FFA-9E67-4D7C10D4F10C}"
EndProject
Global
	GlobalSection(SolutionConfigurationPlatforms) = preSolution
		Debug|Win32 = Debug|Win32
		Release|Win32 = Release|Win32
	EndGlobalSection
	GlobalSection(ProjectConfigurationPlatforms) = postSolution
		{4F299D0F-1330-4FFA-9E67-4D7C10D4F10C}.Debug|Win32.ActiveCfg = Debug|Win32
		{4F299D0F-1330-4FFA-9E67-4D7C10D4F10C}.Debug|Win32.Build.0 = Debug|Win32
		{4F299D0F-1330-4FFA-9E67-4D7C10D4F10C}.Release|Win32.ActiveCfg = Release|Win32
		{4F299D0F-1330-4FFA-9E67-4D7C10D4F10C}.Release|Win32.Build.0 = Release|Win32
	EndGlobalSection
	GlobalSection(SolutionProperties) = preSolution
		HideSolutionNode = FALSE
	EndGlobalSection
EndGlobal
